
Microsoft Visual Studio Solution File, Format Version 12.00
# Visual Studio Version 17
VisualStudioVersion = 17.1.32407.343
MinimumVisualStudioVersion = 10.0.40219.1
Project("{FAE04EC0-301F-11D3-BF4B-00C04F79EFBC}") = "test_api_persistencia", "test_api_persistencia\test_api_persistencia.csproj", "{923B6B8D-8246-4523-A86D-9CE2F87574DC}"
EndProject
Global
	GlobalSection(SolutionConfigurationPlatforms) = preSolution
		Debug|Any CPU = Debug|Any CPU
		Release|Any CPU = Release|Any CPU
	EndGlobalSection
	GlobalSection(ProjectConfigurationPlatforms) = postSolution
		{923B6B8D-8246-4523-A86D-9CE2F87574DC}.Debug|Any CPU.ActiveCfg = Debug|Any CPU
		{923B6B8D-8246-4523-A86D-9CE2F87574DC}.Debug|Any CPU.Build.0 = Debug|Any CPU
		{923B6B8D-8246-4523-A86D-9CE2F87574DC}.Release|Any CPU.ActiveCfg = Release|Any CPU
		{923B6B8D-8246-4523-A86D-9CE2F87574DC}.Release|Any CPU.Build.0 = Release|Any CPU
	EndGlobalSection
	GlobalSection(SolutionProperties) = preSolution
		HideSolutionNode = FALSE
	EndGlobalSection
	GlobalSection(ExtensibilityGlobals) = postSolution
		SolutionGuid = {8636797F-1EBD-4B6D-92C3-940DE46ED773}
	EndGlobalSection
EndGlobal
